// !$*UTF8*$!
{
	archiveVersion = 1;
	classes = {
	};
	objectVersion = 56;
	objects = {

/* Begin PBXBuildFile section */
		80D51DDB298BE4F700ECA995 /* AppDelegate.swift in Sources */ = {isa = PBXBuildFile; fileRef = 80D51DDA298BE4F700ECA995 /* AppDelegate.swift */; };
		80D51DDD298BE4F700ECA995 /* SceneDelegate.swift in Sources */ = {isa = PBXBuildFile; fileRef = 80D51DDC298BE4F700ECA995 /* SceneDelegate.swift */; };
		80D51DDF298BE4F700ECA995 /* ViewController.swift in Sources */ = {isa = PBXBuildFile; fileRef = 80D51DDE298BE4F700ECA995 /* ViewController.swift */; };
		80D51DE2298BE4F700ECA995 /* Main.storyboard in Resources */ = {isa = PBXBuildFile; fileRef = 80D51DE0298BE4F700ECA995 /* Main.storyboard */; };
		80D51DE4298BE4F800ECA995 /* Assets.xcassets in Resources */ = {isa = PBXBuildFile; fileRef = 80D51DE3298BE4F800ECA995 /* Assets.xcassets */; };
		80D51DE7298BE4F800ECA995 /* LaunchScreen.storyboard in Resources */ = {isa = PBXBuildFile; fileRef = 80D51DE5298BE4F800ECA995 /* LaunchScreen.storyboard */; };
		80D51DF3298BE97500ECA995 /* Localizable.strings in Resources */ = {isa = PBXBuildFile; fileRef = 80D51DF5298BE97500ECA995 /* Localizable.strings */; };
		80D51DF8298BEC5800ECA995 /* LocalizationShortcut.swift in Sources */ = {isa = PBXBuildFile; fileRef = 80D51DF7298BEC5800ECA995 /* LocalizationShortcut.swift */; };
		80D51DFB298BF47700ECA995 /* Localizable.stringsdict in Resources */ = {isa = PBXBuildFile; fileRef = 80D51DFD298BF47700ECA995 /* Localizable.stringsdict */; };
		80D51E0D298C16A500ECA995 /* CustomLocalizationTable.strings in Resources */ = {isa = PBXBuildFile; fileRef = 80D51E0F298C16A500ECA995 /* CustomLocalizationTable.strings */; };
/* End PBXBuildFile section */

/* Begin PBXFileReference section */
		80D51DD7298BE4F700ECA995 /* LocalizationStoryboardSample.app */ = {isa = PBXFileReference; explicitFileType = wrapper.application; includeInIndex = 0; path = LocalizationStoryboardSample.app; sourceTree = BUILT_PRODUCTS_DIR; };
		80D51DDA298BE4F700ECA995 /* AppDelegate.swift */ = {isa = PBXFileReference; lastKnownFileType = sourcecode.swift; path = AppDelegate.swift; sourceTree = "<group>"; };
		80D51DDC298BE4F700ECA995 /* SceneDelegate.swift */ = {isa = PBXFileReference; lastKnownFileType = sourcecode.swift; path = SceneDelegate.swift; sourceTree = "<group>"; };
		80D51DDE298BE4F700ECA995 /* ViewController.swift */ = {isa = PBXFileReference; lastKnownFileType = sourcecode.swift; path = ViewController.swift; sourceTree = "<group>"; };
		80D51DE1298BE4F700ECA995 /* Base */ = {isa = PBXFileReference; lastKnownFileType = file.storyboard; name = Base; path = Base.lproj/Main.storyboard; sourceTree = "<group>"; };
		80D51DE3298BE4F800ECA995 /* Assets.xcassets */ = {isa = PBXFileReference; lastKnownFileType = folder.assetcatalog; path = Assets.xcassets; sourceTree = "<group>"; };
		80D51DE6298BE4F800ECA995 /* Base */ = {isa = PBXFileReference; lastKnownFileType = file.storyboard; name = Base; path = Base.lproj/LaunchScreen.storyboard; sourceTree = "<group>"; };
		80D51DE8298BE4F800ECA995 /* Info.plist */ = {isa = PBXFileReference; lastKnownFileType = text.plist.xml; path = Info.plist; sourceTree = "<group>"; };
		80D51DEF298BE57C00ECA995 /* en */ = {isa = PBXFileReference; lastKnownFileType = text.plist.strings; name = en; path = en.lproj/Main.strings; sourceTree = "<group>"; };
		80D51DF0298BE63B00ECA995 /* ru */ = {isa = PBXFileReference; lastKnownFileType = text.plist.strings; name = ru; path = ru.lproj/Main.strings; sourceTree = "<group>"; };
		80D51DF4298BE97500ECA995 /* en */ = {isa = PBXFileReference; lastKnownFileType = text.plist.strings; name = en; path = en.lproj/Localizable.strings; sourceTree = "<group>"; };
		80D51DF6298BE98100ECA995 /* ru */ = {isa = PBXFileReference; lastKnownFileType = text.plist.strings; name = ru; path = ru.lproj/Localizable.strings; sourceTree = "<group>"; };
		80D51DF7298BEC5800ECA995 /* LocalizationShortcut.swift */ = {isa = PBXFileReference; lastKnownFileType = sourcecode.swift; path = LocalizationShortcut.swift; sourceTree = "<group>"; };
		80D51DFC298BF47700ECA995 /* ru */ = {isa = PBXFileReference; lastKnownFileType = text.plist.stringsdict; name = ru; path = ru.lproj/Localizable.stringsdict; sourceTree = "<group>"; };
		80D51DFE298BF48000ECA995 /* en */ = {isa = PBXFileReference; lastKnownFileType = text.plist.stringsdict; name = en; path = en.lproj/Localizable.stringsdict; sourceTree = "<group>"; };
		80D51E0E298C16A500ECA995 /* en */ = {isa = PBXFileReference; lastKnownFileType = text.plist.strings; name = en; path = en.lproj/CustomLocalizationTable.strings; sourceTree = "<group>"; };
		80D51E10298C16A700ECA995 /* ru */ = {isa = PBXFileReference; lastKnownFileType = text.plist.strings; name = ru; path = ru.lproj/CustomLocalizationTable.strings; sourceTree = "<group>"; };
/* End PBXFileReference section */

/* Begin PBXFrameworksBuildPhase section */
		80D51DD4298BE4F700ECA995 /* Frameworks */ = {
			isa = PBXFrameworksBuildPhase;
			buildActionMask = 2147483647;
			files = (
			);
			runOnlyForDeploymentPostprocessing = 0;
		};
/* End PBXFrameworksBuildPhase section */

/* Begin PBXGroup section */
		80D51DCE298BE4F700ECA995 = {
			isa = PBXGroup;
			children = (
				80D51DD9298BE4F700ECA995 /* LocalizationStoryboardSample */,
				80D51DD8298BE4F700ECA995 /* Products */,
			);
			sourceTree = "<group>";
		};
		80D51DD8298BE4F700ECA995 /* Products */ = {
			isa = PBXGroup;
			children = (
				80D51DD7298BE4F700ECA995 /* LocalizationStoryboardSample.app */,
			);
			name = Products;
			sourceTree = "<group>";
		};
		80D51DD9298BE4F700ECA995 /* LocalizationStoryboardSample */ = {
			isa = PBXGroup;
			children = (
				80D51DDA298BE4F700ECA995 /* AppDelegate.swift */,
				80D51DDC298BE4F700ECA995 /* SceneDelegate.swift */,
				80D51DDE298BE4F700ECA995 /* ViewController.swift */,
				80D51DE0298BE4F700ECA995 /* Main.storyboard */,
				80D51DE3298BE4F800ECA995 /* Assets.xcassets */,
				80D51DE5298BE4F800ECA995 /* LaunchScreen.storyboard */,
				80D51DE8298BE4F800ECA995 /* Info.plist */,
				80D51DF5298BE97500ECA995 /* Localizable.strings */,
				80D51DF7298BEC5800ECA995 /* LocalizationShortcut.swift */,
				80D51DFD298BF47700ECA995 /* Localizable.stringsdict */,
				80D51E0F298C16A500ECA995 /* CustomLocalizationTable.strings */,
			);
			path = LocalizationStoryboardSample;
			sourceTree = "<group>";
		};
/* End PBXGroup section */

/* Begin PBXNativeTarget section */
		80D51DD6298BE4F700ECA995 /* LocalizationStoryboardSample */ = {
			isa = PBXNativeTarget;
			buildConfigurationList = 80D51DEB298BE4F800ECA995 /* Build configuration list for PBXNativeTarget "LocalizationStoryboardSample" */;
			buildPhases = (
				80D51DD3298BE4F700ECA995 /* Sources */,
				80D51DD4298BE4F700ECA995 /* Frameworks */,
				80D51DD5298BE4F700ECA995 /* Resources */,
			);
			buildRules = (
			);
			dependencies = (
			);
			name = LocalizationStoryboardSample;
			productName = LocalizationStoryboardSample;
			productReference = 80D51DD7298BE4F700ECA995 /* LocalizationStoryboardSample.app */;
			productType = "com.apple.product-type.application";
		};
/* End PBXNativeTarget section */

/* Begin PBXProject section */
		80D51DCF298BE4F700ECA995 /* Project object */ = {
			isa = PBXProject;
			attributes = {
				BuildIndependentTargetsInParallel = 1;
				LastSwiftUpdateCheck = 1420;
				LastUpgradeCheck = 1420;
				TargetAttributes = {
					80D51DD6298BE4F700ECA995 = {
						CreatedOnToolsVersion = 14.2;
					};
				};
			};
			buildConfigurationList = 80D51DD2298BE4F700ECA995 /* Build configuration list for PBXProject "LocalizationStoryboardSample" */;
			compatibilityVersion = "Xcode 14.0";
			developmentRegion = en;
			hasScannedForEncodings = 0;
			knownRegions = (
				en,
				Base,
				ru,
			);
			mainGroup = 80D51DCE298BE4F700ECA995;
			productRefGroup = 80D51DD8298BE4F700ECA995 /* Products */;
			projectDirPath = "";
			projectRoot = "";
			targets = (
				80D51DD6298BE4F700ECA995 /* LocalizationStoryboardSample */,
			);
		};
/* End PBXProject section */

/* Begin PBXResourcesBuildPhase section */
		80D51DD5298BE4F700ECA995 /* Resources */ = {
			isa = PBXResourcesBuildPhase;
			buildActionMask = 2147483647;
			files = (
				80D51DE7298BE4F800ECA995 /* LaunchScreen.storyboard in Resources */,
				80D51E0D298C16A500ECA995 /* CustomLocalizationTable.strings in Resources */,
				80D51DF3298BE97500ECA995 /* Localizable.strings in Resources */,
				80D51DFB298BF47700ECA995 /* Localizable.stringsdict in Resources */,
				80D51DE4298BE4F800ECA995 /* Assets.xcassets in Resources */,
				80D51DE2298BE4F700ECA995 /* Main.storyboard in Resources */,
			);
			runOnlyForDeploymentPostprocessing = 0;
		};
/* End PBXResourcesBuildPhase section */

/* Begin PBXSourcesBuildPhase section */
		80D51DD3298BE4F700ECA995 /* Sources */ = {
			isa = PBXSourcesBuildPhase;
			buildActionMask = 2147483647;
			files = (
				80D51DDF298BE4F700ECA995 /* ViewController.swift in Sources */,
				80D51DDB298BE4F700ECA995 /* AppDelegate.swift in Sources */,
				80D51DF8298BEC5800ECA995 /* LocalizationShortcut.swift in Sources */,
				80D51DDD298BE4F700ECA995 /* SceneDelegate.swift in Sources */,
			);
			runOnlyForDeploymentPostprocessing = 0;
		};
/* End PBXSourcesBuildPhase section */

/* Begin PBXVariantGroup section */
		80D51DE0298BE4F700ECA995 /* Main.storyboard */ = {
			isa = PBXVariantGroup;
			children = (
				80D51DE1298BE4F700ECA995 /* Base */,
				80D51DEF298BE57C00ECA995 /* en */,
				80D51DF0298BE63B00ECA995 /* ru */,
			);
			name = Main.storyboard;
			sourceTree = "<group>";
		};
		80D51DE5298BE4F800ECA995 /* LaunchScreen.storyboard */ = {
			isa = PBXVariantGroup;
			children = (
				80D51DE6298BE4F800ECA995 /* Base */,
			);
			name = LaunchScreen.storyboard;
			sourceTree = "<group>";
		};
		80D51DF5298BE97500ECA995 /* Localizable.strings */ = {
			isa = PBXVariantGroup;
			children = (
				80D51DF4298BE97500ECA995 /* en */,
				80D51DF6298BE98100ECA995 /* ru */,
			);
			name = Localizable.strings;
			sourceTree = "<group>";
		};
		80D51DFD298BF47700ECA995 /* Localizable.stringsdict */ = {
			isa = PBXVariantGroup;
			children = (
				80D51DFC298BF47700ECA995 /* ru */,
				80D51DFE298BF48000ECA995 /* en */,
			);
			name = Localizable.stringsdict;
			sourceTree = "<group>";
		};
		80D51E0F298C16A500ECA995 /* CustomLocalizationTable.strings */ = {
			isa = PBXVariantGroup;
			children = (
				80D51E0E298C16A500ECA995 /* en */,
				80D51E10298C16A700ECA995 /* ru */,
			);
			name = CustomLocalizationTable.strings;
			sourceTree = "<group>";
		};
/* End PBXVariantGroup section */

/* Begin XCBuildConfiguration section */
		80D51DE9298BE4F800ECA995 /* Debug */ = {
			isa = XCBuildConfiguration;
			buildSettings = {
				ALWAYS_SEARCH_USER_PATHS = NO;
				CLANG_ANALYZER_LOCALIZABILITY_NONLOCALIZED = YES;
				CLANG_ANALYZER_NONNULL = YES;
				CLANG_ANALYZER_NUMBER_OBJECT_CONVERSION = YES_AGGRESSIVE;
				CLANG_CXX_LANGUAGE_STANDARD = "gnu++20";
				CLANG_ENABLE_MODULES = YES;
				CLANG_ENABLE_OBJC_ARC = YES;
				CLANG_ENABLE_OBJC_WEAK = YES;
				CLANG_WARN_BLOCK_CAPTURE_AUTORELEASING = YES;
				CLANG_WARN_BOOL_CONVERSION = YES;
				CLANG_WARN_COMMA = YES;
				CLANG_WARN_CONSTANT_CONVERSION = YES;
				CLANG_WARN_DEPRECATED_OBJC_IMPLEMENTATIONS = YES;
				CLANG_WARN_DIRECT_OBJC_ISA_USAGE = YES_ERROR;
				CLANG_WARN_DOCUMENTATION_COMMENTS = YES;
				CLANG_WARN_EMPTY_BODY = YES;
				CLANG_WARN_ENUM_CONVERSION = YES;
				CLANG_WARN_INFINITE_RECURSION = YES;
				CLANG_WARN_INT_CONVERSION = YES;
				CLANG_WARN_NON_LITERAL_NULL_CONVERSION = YES;
				CLANG_WARN_OBJC_IMPLICIT_RETAIN_SELF = YES;
				CLANG_WARN_OBJC_LITERAL_CONVERSION = YES;
				CLANG_WARN_OBJC_ROOT_CLASS = YES_ERROR;
				CLANG_WARN_QUOTED_INCLUDE_IN_FRAMEWORK_HEADER = YES;
				CLANG_WARN_RANGE_LOOP_ANALYSIS = YES;
				CLANG_WARN_STRICT_PROTOTYPES = YES;
				CLANG_WARN_SUSPICIOUS_MOVE = YES;
				CLANG_WARN_UNGUARDED_AVAILABILITY = YES_AGGRESSIVE;
				CLANG_WARN_UNREACHABLE_CODE = YES;
				CLANG_WARN__DUPLICATE_METHOD_MATCH = YES;
				COPY_PHASE_STRIP = NO;
				DEBUG_INFORMATION_FORMAT = dwarf;
				ENABLE_STRICT_OBJC_MSGSEND = YES;
				ENABLE_TESTABILITY = YES;
				GCC_C_LANGUAGE_STANDARD = gnu11;
				GCC_DYNAMIC_NO_PIC = NO;
				GCC_NO_COMMON_BLOCKS = YES;
				GCC_OPTIMIZATION_LEVEL = 0;
				GCC_PREPROCESSOR_DEFINITIONS = (
					"DEBUG=1",
					"$(inherited)",
				);
				GCC_WARN_64_TO_32_BIT_CONVERSION = YES;
				GCC_WARN_ABOUT_RETURN_TYPE = YES_ERROR;
				GCC_WARN_UNDECLARED_SELECTOR = YES;
				GCC_WARN_UNINITIALIZED_AUTOS = YES_AGGRESSIVE;
				GCC_WARN_UNUSED_FUNCTION = YES;
				GCC_WARN_UNUSED_VARIABLE = YES;
				IPHONEOS_DEPLOYMENT_TARGET = 16.2;
				MTL_ENABLE_DEBUG_INFO = INCLUDE_SOURCE;
				MTL_FAST_MATH = YES;
				ONLY_ACTIVE_ARCH = YES;
				SDKROOT = iphoneos;
				SWIFT_ACTIVE_COMPILATION_CONDITIONS = DEBUG;
				SWIFT_OPTIMIZATION_LEVEL = "-Onone";
			};
			name = Debug;
		};
		80D51DEA298BE4F800ECA995 /* Release */ = {
			isa = XCBuildConfiguration;
			buildSettings = {
				ALWAYS_SEARCH_USER_PATHS = NO;
				CLANG_ANALYZER_LOCALIZABILITY_NONLOCALIZED = YES;
				CLANG_ANALYZER_NONNULL = YES;
				CLANG_ANALYZER_NUMBER_OBJECT_CONVERSION = YES_AGGRESSIVE;
				CLANG_CXX_LANGUAGE_STANDARD = "gnu++20";
				CLANG_ENABLE_MODULES = YES;
				CLANG_ENABLE_OBJC_ARC = YES;
				CLANG_ENABLE_OBJC_WEAK = YES;
				CLANG_WARN_BLOCK_CAPTURE_AUTORELEASING = YES;
				CLANG_WARN_BOOL_CONVERSION = YES;
				CLANG_WARN_COMMA = YES;
				CLANG_WARN_CONSTANT_CONVERSION = YES;
				CLANG_WARN_DEPRECATED_OBJC_IMPLEMENTATIONS = YES;
				CLANG_WARN_DIRECT_OBJC_ISA_USAGE = YES_ERROR;
				CLANG_WARN_DOCUMENTATION_COMMENTS = YES;
				CLANG_WARN_EMPTY_BODY = YES;
				CLANG_WARN_ENUM_CONVERSION = YES;
				CLANG_WARN_INFINITE_RECURSION = YES;
				CLANG_WARN_INT_CONVERSION = YES;
				CLANG_WARN_NON_LITERAL_NULL_CONVERSION = YES;
				CLANG_WARN_OBJC_IMPLICIT_RETAIN_SELF = YES;
				CLANG_WARN_OBJC_LITERAL_CONVERSION = YES;
				CLANG_WARN_OBJC_ROOT_CLASS = YES_ERROR;
				CLANG_WARN_QUOTED_INCLUDE_IN_FRAMEWORK_HEADER = YES;
				CLANG_WARN_RANGE_LOOP_ANALYSIS = YES;
				CLANG_WARN_STRICT_PROTOTYPES = YES;
				CLANG_WARN_SUSPICIOUS_MOVE = YES;
				CLANG_WARN_UNGUARDED_AVAILABILITY = YES_AGGRESSIVE;
				CLANG_WARN_UNREACHABLE_CODE = YES;
				CLANG_WARN__DUPLICATE_METHOD_MATCH = YES;
				COPY_PHASE_STRIP = NO;
				DEBUG_INFORMATION_FORMAT = "dwarf-with-dsym";
				ENABLE_NS_ASSERTIONS = NO;
				ENABLE_STRICT_OBJC_MSGSEND = YES;
				GCC_C_LANGUAGE_STANDARD = gnu11;
				GCC_NO_COMMON_BLOCKS = YES;
				GCC_WARN_64_TO_32_BIT_CONVERSION = YES;
				GCC_WARN_ABOUT_RETURN_TYPE = YES_ERROR;
				GCC_WARN_UNDECLARED_SELECTOR = YES;
				GCC_WARN_UNINITIALIZED_AUTOS = YES_AGGRESSIVE;
				GCC_WARN_UNUSED_FUNCTION = YES;
				GCC_WARN_UNUSED_VARIABLE = YES;
				IPHONEOS_DEPLOYMENT_TARGET = 16.2;
				MTL_ENABLE_DEBUG_INFO = NO;
				MTL_FAST_MATH = YES;
				SDKROOT = iphoneos;
				SWIFT_COMPILATION_MODE = wholemodule;
				SWIFT_OPTIMIZATION_LEVEL = "-O";
				VALIDATE_PRODUCT = YES;
			};
			name = Release;
		};
		80D51DEC298BE4F800ECA995 /* Debug */ = {
			isa = XCBuildConfiguration;
			buildSettings = {
				ASSETCATALOG_COMPILER_APPICON_NAME = AppIcon;
				ASSETCATALOG_COMPILER_GLOBAL_ACCENT_COLOR_NAME = AccentColor;
				CODE_SIGN_STYLE = Automatic;
				CURRENT_PROJECT_VERSION = 1;
				DEVELOPMENT_TEAM = 47S9Q57UGQ;
				GENERATE_INFOPLIST_FILE = YES;
				INFOPLIST_FILE = LocalizationStoryboardSample/Info.plist;
				INFOPLIST_KEY_UIApplicationSupportsIndirectInputEvents = YES;
				INFOPLIST_KEY_UILaunchStoryboardName = LaunchScreen;
				INFOPLIST_KEY_UIMainStoryboardFile = Main;
				INFOPLIST_KEY_UISupportedInterfaceOrientations_iPad = "UIInterfaceOrientationPortrait UIInterfaceOrientationPortraitUpsideDown UIInterfaceOrientationLandscapeLeft UIInterfaceOrientationLandscapeRight";
				INFOPLIST_KEY_UISupportedInterfaceOrientations_iPhone = "UIInterfaceOrientationPortrait UIInterfaceOrientationLandscapeLeft UIInterfaceOrientationLandscapeRight";
				LD_RUNPATH_SEARCH_PATHS = (
					"$(inherited)",
					"@executable_path/Frameworks",
				);
				MARKETING_VERSION = 1.0;
				PRODUCT_BUNDLE_IDENTIFIER = "com.L-software.LocalizationStoryboardSample";
				PRODUCT_NAME = "$(TARGET_NAME)";
				SWIFT_EMIT_LOC_STRINGS = YES;
				SWIFT_VERSION = 5.0;
				TARGETED_DEVICE_FAMILY = "1,2";
			};
			name = Debug;
		};
		80D51DED298BE4F800ECA995 /* Release */ = {
			isa = XCBuildConfiguration;
			buildSettings = {
				ASSETCATALOG_COMPILER_APPICON_NAME = AppIcon;
				ASSETCATALOG_COMPILER_GLOBAL_ACCENT_COLOR_NAME = AccentColor;
				CODE_SIGN_STYLE = Automatic;
				CURRENT_PROJECT_VERSION = 1;
				DEVELOPMENT_TEAM = 47S9Q57UGQ;
				GENERATE_INFOPLIST_FILE = YES;
				INFOPLIST_FILE = LocalizationStoryboardSample/Info.plist;
				INFOPLIST_KEY_UIApplicationSupportsIndirectInputEvents = YES;
				INFOPLIST_KEY_UILaunchStoryboardName = LaunchScreen;
				INFOPLIST_KEY_UIMainStoryboardFile = Main;
				INFOPLIST_KEY_UISupportedInterfaceOrientations_iPad = "UIInterfaceOrientationPortrait UIInterfaceOrientationPortraitUpsideDown UIInterfaceOrientationLandscapeLeft UIInterfaceOrientationLandscapeRight";
				INFOPLIST_KEY_UISupportedInterfaceOrientations_iPhone = "UIInterfaceOrientationPortrait UIInterfaceOrientationLandscapeLeft UIInterfaceOrientationLandscapeRight";
				LD_RUNPATH_SEARCH_PATHS = (
					"$(inherited)",
					"@executable_path/Frameworks",
				);
				MARKETING_VERSION = 1.0;
				PRODUCT_BUNDLE_IDENTIFIER = "com.L-software.LocalizationStoryboardSample";
				PRODUCT_NAME = "$(TARGET_NAME)";
				SWIFT_EMIT_LOC_STRINGS = YES;
				SWIFT_VERSION = 5.0;
				TARGETED_DEVICE_FAMILY = "1,2";
			};
			name = Release;
		};
/* End XCBuildConfiguration section */

/* Begin XCConfigurationList section */
		80D51DD2298BE4F700ECA995 /* Build configuration list for PBXProject "LocalizationStoryboardSample" */ = {
			isa = XCConfigurationList;
			buildConfigurations = (
				80D51DE9298BE4F800ECA995 /* Debug */,
				80D51DEA298BE4F800ECA995 /* Release */,
			);
			defaultConfigurationIsVisible = 0;
			defaultConfigurationName = Release;
		};
		80D51DEB298BE4F800ECA995 /* Build configuration list for PBXNativeTarget "LocalizationStoryboardSample" */ = {
			isa = XCConfigurationList;
			buildConfigurations = (
				80D51DEC298BE4F800ECA995 /* Debug */,
				80D51DED298BE4F800ECA995 /* Release */,
			);
			defaultConfigurationIsVisible = 0;
			defaultConfigurationName = Release;
		};
/* End XCConfigurationList section */
	};
	rootObject = 80D51DCF298BE4F700ECA995 /* Project object */;
}
