// !$*UTF8*$!
{
	archiveVersion = 1;
	classes = {
	};
	objectVersion = 56;
	objects = {

/* Begin PBXBuildFile section */
		8006E8502968A10200D9743D /* CategoriesViewController.swift in Sources */ = {isa = PBXBuildFile; fileRef = 8006E84F2968A10200D9743D /* CategoriesViewController.swift */; };
		80B08561296882AA00A4A558 /* JokesListViewController.swift in Sources */ = {isa = PBXBuildFile; fileRef = 80B08560296882AA00A4A558 /* JokesListViewController.swift */; };
		80B08563296890F600A4A558 /* DateExtensions.swift in Sources */ = {isa = PBXBuildFile; fileRef = 80B08562296890F600A4A558 /* DateExtensions.swift */; };
		80C9C82229686C89001C4389 /* AppDelegate.swift in Sources */ = {isa = PBXBuildFile; fileRef = 80C9C82129686C89001C4389 /* AppDelegate.swift */; };
		80C9C82429686C89001C4389 /* SceneDelegate.swift in Sources */ = {isa = PBXBuildFile; fileRef = 80C9C82329686C89001C4389 /* SceneDelegate.swift */; };
		80C9C82929686C89001C4389 /* Main.storyboard in Resources */ = {isa = PBXBuildFile; fileRef = 80C9C82729686C89001C4389 /* Main.storyboard */; };
		80C9C82C29686C89001C4389 /* ChuckNorrisJokes.xcdatamodeld in Sources */ = {isa = PBXBuildFile; fileRef = 80C9C82A29686C89001C4389 /* ChuckNorrisJokes.xcdatamodeld */; };
		80C9C82E29686C8A001C4389 /* Assets.xcassets in Resources */ = {isa = PBXBuildFile; fileRef = 80C9C82D29686C8A001C4389 /* Assets.xcassets */; };
		80C9C83129686C8A001C4389 /* LaunchScreen.storyboard in Resources */ = {isa = PBXBuildFile; fileRef = 80C9C82F29686C8A001C4389 /* LaunchScreen.storyboard */; };
		80C9C83929686DBF001C4389 /* ChuckNorrisApi.swift in Sources */ = {isa = PBXBuildFile; fileRef = 80C9C83829686DBF001C4389 /* ChuckNorrisApi.swift */; };
		80C9C83B29687542001C4389 /* JokeViewController.swift in Sources */ = {isa = PBXBuildFile; fileRef = 80C9C83A29687542001C4389 /* JokeViewController.swift */; };
		80C9C83F296878B5001C4389 /* CoreDataManager.swift in Sources */ = {isa = PBXBuildFile; fileRef = 80C9C83E296878B5001C4389 /* CoreDataManager.swift */; };
/* End PBXBuildFile section */

/* Begin PBXFileReference section */
		8006E84F2968A10200D9743D /* CategoriesViewController.swift */ = {isa = PBXFileReference; lastKnownFileType = sourcecode.swift; path = CategoriesViewController.swift; sourceTree = "<group>"; };
		80B08560296882AA00A4A558 /* JokesListViewController.swift */ = {isa = PBXFileReference; lastKnownFileType = sourcecode.swift; path = JokesListViewController.swift; sourceTree = "<group>"; };
		80B08562296890F600A4A558 /* DateExtensions.swift */ = {isa = PBXFileReference; fileEncoding = 4; lastKnownFileType = sourcecode.swift; path = DateExtensions.swift; sourceTree = "<group>"; };
		80C9C81E29686C89001C4389 /* ChuckNorrisJokes.app */ = {isa = PBXFileReference; explicitFileType = wrapper.application; includeInIndex = 0; path = ChuckNorrisJokes.app; sourceTree = BUILT_PRODUCTS_DIR; };
		80C9C82129686C89001C4389 /* AppDelegate.swift */ = {isa = PBXFileReference; lastKnownFileType = sourcecode.swift; path = AppDelegate.swift; sourceTree = "<group>"; };
		80C9C82329686C89001C4389 /* SceneDelegate.swift */ = {isa = PBXFileReference; lastKnownFileType = sourcecode.swift; path = SceneDelegate.swift; sourceTree = "<group>"; };
		80C9C82829686C89001C4389 /* Base */ = {isa = PBXFileReference; lastKnownFileType = file.storyboard; name = Base; path = Base.lproj/Main.storyboard; sourceTree = "<group>"; };
		80C9C82B29686C89001C4389 /* ChuckNorrisJokes.xcdatamodel */ = {isa = PBXFileReference; lastKnownFileType = wrapper.xcdatamodel; path = ChuckNorrisJokes.xcdatamodel; sourceTree = "<group>"; };
		80C9C82D29686C8A001C4389 /* Assets.xcassets */ = {isa = PBXFileReference; lastKnownFileType = folder.assetcatalog; path = Assets.xcassets; sourceTree = "<group>"; };
		80C9C83029686C8A001C4389 /* Base */ = {isa = PBXFileReference; lastKnownFileType = file.storyboard; name = Base; path = Base.lproj/LaunchScreen.storyboard; sourceTree = "<group>"; };
		80C9C83229686C8A001C4389 /* Info.plist */ = {isa = PBXFileReference; lastKnownFileType = text.plist.xml; path = Info.plist; sourceTree = "<group>"; };
		80C9C83829686DBF001C4389 /* ChuckNorrisApi.swift */ = {isa = PBXFileReference; lastKnownFileType = sourcecode.swift; path = ChuckNorrisApi.swift; sourceTree = "<group>"; };
		80C9C83A29687542001C4389 /* JokeViewController.swift */ = {isa = PBXFileReference; lastKnownFileType = sourcecode.swift; path = JokeViewController.swift; sourceTree = "<group>"; };
		80C9C83E296878B5001C4389 /* CoreDataManager.swift */ = {isa = PBXFileReference; lastKnownFileType = sourcecode.swift; path = CoreDataManager.swift; sourceTree = "<group>"; };
/* End PBXFileReference section */

/* Begin PBXFrameworksBuildPhase section */
		80C9C81B29686C89001C4389 /* Frameworks */ = {
			isa = PBXFrameworksBuildPhase;
			buildActionMask = 2147483647;
			files = (
			);
			runOnlyForDeploymentPostprocessing = 0;
		};
/* End PBXFrameworksBuildPhase section */

/* Begin PBXGroup section */
		8006E8512968A15600D9743D /* Screens */ = {
			isa = PBXGroup;
			children = (
				80C9C83A29687542001C4389 /* JokeViewController.swift */,
				80B08560296882AA00A4A558 /* JokesListViewController.swift */,
				8006E84F2968A10200D9743D /* CategoriesViewController.swift */,
			);
			path = Screens;
			sourceTree = "<group>";
		};
		8006E8522968A18800D9743D /* Storyboards */ = {
			isa = PBXGroup;
			children = (
				80C9C82F29686C8A001C4389 /* LaunchScreen.storyboard */,
				80C9C82729686C89001C4389 /* Main.storyboard */,
			);
			path = Storyboards;
			sourceTree = "<group>";
		};
		80B085662968910900A4A558 /* Extensions */ = {
			isa = PBXGroup;
			children = (
				80B08562296890F600A4A558 /* DateExtensions.swift */,
			);
			path = Extensions;
			sourceTree = "<group>";
		};
		80C9C81529686C89001C4389 = {
			isa = PBXGroup;
			children = (
				80C9C82029686C89001C4389 /* ChuckNorrisJokes */,
				80C9C81F29686C89001C4389 /* Products */,
			);
			sourceTree = "<group>";
		};
		80C9C81F29686C89001C4389 /* Products */ = {
			isa = PBXGroup;
			children = (
				80C9C81E29686C89001C4389 /* ChuckNorrisJokes.app */,
			);
			name = Products;
			sourceTree = "<group>";
		};
		80C9C82029686C89001C4389 /* ChuckNorrisJokes */ = {
			isa = PBXGroup;
			children = (
				80C9C83229686C8A001C4389 /* Info.plist */,
				80C9C82129686C89001C4389 /* AppDelegate.swift */,
				80C9C82329686C89001C4389 /* SceneDelegate.swift */,
				80C9C82D29686C8A001C4389 /* Assets.xcassets */,
				80C9C83D296878A0001C4389 /* CoreData */,
				80B085662968910900A4A558 /* Extensions */,
				80C9C83C2968786D001C4389 /* Network */,
				8006E8512968A15600D9743D /* Screens */,
				8006E8522968A18800D9743D /* Storyboards */,
			);
			path = ChuckNorrisJokes;
			sourceTree = "<group>";
		};
		80C9C83C2968786D001C4389 /* Network */ = {
			isa = PBXGroup;
			children = (
				80C9C83829686DBF001C4389 /* ChuckNorrisApi.swift */,
			);
			path = Network;
			sourceTree = "<group>";
		};
		80C9C83D296878A0001C4389 /* CoreData */ = {
			isa = PBXGroup;
			children = (
				80C9C82A29686C89001C4389 /* ChuckNorrisJokes.xcdatamodeld */,
				80C9C83E296878B5001C4389 /* CoreDataManager.swift */,
			);
			path = CoreData;
			sourceTree = "<group>";
		};
/* End PBXGroup section */

/* Begin PBXNativeTarget section */
		80C9C81D29686C89001C4389 /* ChuckNorrisJokes */ = {
			isa = PBXNativeTarget;
			buildConfigurationList = 80C9C83529686C8A001C4389 /* Build configuration list for PBXNativeTarget "ChuckNorrisJokes" */;
			buildPhases = (
				80C9C81A29686C89001C4389 /* Sources */,
				80C9C81B29686C89001C4389 /* Frameworks */,
				80C9C81C29686C89001C4389 /* Resources */,
			);
			buildRules = (
			);
			dependencies = (
			);
			name = ChuckNorrisJokes;
			productName = ChuckNorrisJokes;
			productReference = 80C9C81E29686C89001C4389 /* ChuckNorrisJokes.app */;
			productType = "com.apple.product-type.application";
		};
/* End PBXNativeTarget section */

/* Begin PBXProject section */
		80C9C81629686C89001C4389 /* Project object */ = {
			isa = PBXProject;
			attributes = {
				BuildIndependentTargetsInParallel = 1;
				LastSwiftUpdateCheck = 1420;
				LastUpgradeCheck = 1420;
				TargetAttributes = {
					80C9C81D29686C89001C4389 = {
						CreatedOnToolsVersion = 14.2;
					};
				};
			};
			buildConfigurationList = 80C9C81929686C89001C4389 /* Build configuration list for PBXProject "ChuckNorrisJokes" */;
			compatibilityVersion = "Xcode 14.0";
			developmentRegion = en;
			hasScannedForEncodings = 0;
			knownRegions = (
				en,
				Base,
			);
			mainGroup = 80C9C81529686C89001C4389;
			productRefGroup = 80C9C81F29686C89001C4389 /* Products */;
			projectDirPath = "";
			projectRoot = "";
			targets = (
				80C9C81D29686C89001C4389 /* ChuckNorrisJokes */,
			);
		};
/* End PBXProject section */

/* Begin PBXResourcesBuildPhase section */
		80C9C81C29686C89001C4389 /* Resources */ = {
			isa = PBXResourcesBuildPhase;
			buildActionMask = 2147483647;
			files = (
				80C9C83129686C8A001C4389 /* LaunchScreen.storyboard in Resources */,
				80C9C82E29686C8A001C4389 /* Assets.xcassets in Resources */,
				80C9C82929686C89001C4389 /* Main.storyboard in Resources */,
			);
			runOnlyForDeploymentPostprocessing = 0;
		};
/* End PBXResourcesBuildPhase section */

/* Begin PBXSourcesBuildPhase section */
		80C9C81A29686C89001C4389 /* Sources */ = {
			isa = PBXSourcesBuildPhase;
			buildActionMask = 2147483647;
			files = (
				80C9C83F296878B5001C4389 /* CoreDataManager.swift in Sources */,
				80C9C83B29687542001C4389 /* JokeViewController.swift in Sources */,
				8006E8502968A10200D9743D /* CategoriesViewController.swift in Sources */,
				80C9C82C29686C89001C4389 /* ChuckNorrisJokes.xcdatamodeld in Sources */,
				80C9C83929686DBF001C4389 /* ChuckNorrisApi.swift in Sources */,
				80C9C82229686C89001C4389 /* AppDelegate.swift in Sources */,
				80B08563296890F600A4A558 /* DateExtensions.swift in Sources */,
				80C9C82429686C89001C4389 /* SceneDelegate.swift in Sources */,
				80B08561296882AA00A4A558 /* JokesListViewController.swift in Sources */,
			);
			runOnlyForDeploymentPostprocessing = 0;
		};
/* End PBXSourcesBuildPhase section */

/* Begin PBXVariantGroup section */
		80C9C82729686C89001C4389 /* Main.storyboard */ = {
			isa = PBXVariantGroup;
			children = (
				80C9C82829686C89001C4389 /* Base */,
			);
			name = Main.storyboard;
			sourceTree = "<group>";
		};
		80C9C82F29686C8A001C4389 /* LaunchScreen.storyboard */ = {
			isa = PBXVariantGroup;
			children = (
				80C9C83029686C8A001C4389 /* Base */,
			);
			name = LaunchScreen.storyboard;
			sourceTree = "<group>";
		};
/* End PBXVariantGroup section */

/* Begin XCBuildConfiguration section */
		80C9C83329686C8A001C4389 /* Debug */ = {
			isa = XCBuildConfiguration;
			buildSettings = {
				ALWAYS_SEARCH_USER_PATHS = NO;
				CLANG_ANALYZER_NONNULL = YES;
				CLANG_ANALYZER_NUMBER_OBJECT_CONVERSION = YES_AGGRESSIVE;
				CLANG_CXX_LANGUAGE_STANDARD = "gnu++20";
				CLANG_ENABLE_MODULES = YES;
				CLANG_ENABLE_OBJC_ARC = YES;
				CLANG_ENABLE_OBJC_WEAK = YES;
				CLANG_WARN_BLOCK_CAPTURE_AUTORELEASING = YES;
				CLANG_WARN_BOOL_CONVERSION = YES;
				CLANG_WARN_COMMA = YES;
				CLANG_WARN_CONSTANT_CONVERSION = YES;
				CLANG_WARN_DEPRECATED_OBJC_IMPLEMENTATIONS = YES;
				CLANG_WARN_DIRECT_OBJC_ISA_USAGE = YES_ERROR;
				CLANG_WARN_DOCUMENTATION_COMMENTS = YES;
				CLANG_WARN_EMPTY_BODY = YES;
				CLANG_WARN_ENUM_CONVERSION = YES;
				CLANG_WARN_INFINITE_RECURSION = YES;
				CLANG_WARN_INT_CONVERSION = YES;
				CLANG_WARN_NON_LITERAL_NULL_CONVERSION = YES;
				CLANG_WARN_OBJC_IMPLICIT_RETAIN_SELF = YES;
				CLANG_WARN_OBJC_LITERAL_CONVERSION = YES;
				CLANG_WARN_OBJC_ROOT_CLASS = YES_ERROR;
				CLANG_WARN_QUOTED_INCLUDE_IN_FRAMEWORK_HEADER = YES;
				CLANG_WARN_RANGE_LOOP_ANALYSIS = YES;
				CLANG_WARN_STRICT_PROTOTYPES = YES;
				CLANG_WARN_SUSPICIOUS_MOVE = YES;
				CLANG_WARN_UNGUARDED_AVAILABILITY = YES_AGGRESSIVE;
				CLANG_WARN_UNREACHABLE_CODE = YES;
				CLANG_WARN__DUPLICATE_METHOD_MATCH = YES;
				COPY_PHASE_STRIP = NO;
				DEBUG_INFORMATION_FORMAT = dwarf;
				ENABLE_STRICT_OBJC_MSGSEND = YES;
				ENABLE_TESTABILITY = YES;
				GCC_C_LANGUAGE_STANDARD = gnu11;
				GCC_DYNAMIC_NO_PIC = NO;
				GCC_NO_COMMON_BLOCKS = YES;
				GCC_OPTIMIZATION_LEVEL = 0;
				GCC_PREPROCESSOR_DEFINITIONS = (
					"DEBUG=1",
					"$(inherited)",
				);
				GCC_WARN_64_TO_32_BIT_CONVERSION = YES;
				GCC_WARN_ABOUT_RETURN_TYPE = YES_ERROR;
				GCC_WARN_UNDECLARED_SELECTOR = YES;
				GCC_WARN_UNINITIALIZED_AUTOS = YES_AGGRESSIVE;
				GCC_WARN_UNUSED_FUNCTION = YES;
				GCC_WARN_UNUSED_VARIABLE = YES;
				IPHONEOS_DEPLOYMENT_TARGET = 16.2;
				MTL_ENABLE_DEBUG_INFO = INCLUDE_SOURCE;
				MTL_FAST_MATH = YES;
				ONLY_ACTIVE_ARCH = YES;
				SDKROOT = iphoneos;
				SWIFT_ACTIVE_COMPILATION_CONDITIONS = DEBUG;
				SWIFT_OPTIMIZATION_LEVEL = "-Onone";
			};
			name = Debug;
		};
		80C9C83429686C8A001C4389 /* Release */ = {
			isa = XCBuildConfiguration;
			buildSettings = {
				ALWAYS_SEARCH_USER_PATHS = NO;
				CLANG_ANALYZER_NONNULL = YES;
				CLANG_ANALYZER_NUMBER_OBJECT_CONVERSION = YES_AGGRESSIVE;
				CLANG_CXX_LANGUAGE_STANDARD = "gnu++20";
				CLANG_ENABLE_MODULES = YES;
				CLANG_ENABLE_OBJC_ARC = YES;
				CLANG_ENABLE_OBJC_WEAK = YES;
				CLANG_WARN_BLOCK_CAPTURE_AUTORELEASING = YES;
				CLANG_WARN_BOOL_CONVERSION = YES;
				CLANG_WARN_COMMA = YES;
				CLANG_WARN_CONSTANT_CONVERSION = YES;
				CLANG_WARN_DEPRECATED_OBJC_IMPLEMENTATIONS = YES;
				CLANG_WARN_DIRECT_OBJC_ISA_USAGE = YES_ERROR;
				CLANG_WARN_DOCUMENTATION_COMMENTS = YES;
				CLANG_WARN_EMPTY_BODY = YES;
				CLANG_WARN_ENUM_CONVERSION = YES;
				CLANG_WARN_INFINITE_RECURSION = YES;
				CLANG_WARN_INT_CONVERSION = YES;
				CLANG_WARN_NON_LITERAL_NULL_CONVERSION = YES;
				CLANG_WARN_OBJC_IMPLICIT_RETAIN_SELF = YES;
				CLANG_WARN_OBJC_LITERAL_CONVERSION = YES;
				CLANG_WARN_OBJC_ROOT_CLASS = YES_ERROR;
				CLANG_WARN_QUOTED_INCLUDE_IN_FRAMEWORK_HEADER = YES;
				CLANG_WARN_RANGE_LOOP_ANALYSIS = YES;
				CLANG_WARN_STRICT_PROTOTYPES = YES;
				CLANG_WARN_SUSPICIOUS_MOVE = YES;
				CLANG_WARN_UNGUARDED_AVAILABILITY = YES_AGGRESSIVE;
				CLANG_WARN_UNREACHABLE_CODE = YES;
				CLANG_WARN__DUPLICATE_METHOD_MATCH = YES;
				COPY_PHASE_STRIP = NO;
				DEBUG_INFORMATION_FORMAT = "dwarf-with-dsym";
				ENABLE_NS_ASSERTIONS = NO;
				ENABLE_STRICT_OBJC_MSGSEND = YES;
				GCC_C_LANGUAGE_STANDARD = gnu11;
				GCC_NO_COMMON_BLOCKS = YES;
				GCC_WARN_64_TO_32_BIT_CONVERSION = YES;
				GCC_WARN_ABOUT_RETURN_TYPE = YES_ERROR;
				GCC_WARN_UNDECLARED_SELECTOR = YES;
				GCC_WARN_UNINITIALIZED_AUTOS = YES_AGGRESSIVE;
				GCC_WARN_UNUSED_FUNCTION = YES;
				GCC_WARN_UNUSED_VARIABLE = YES;
				IPHONEOS_DEPLOYMENT_TARGET = 16.2;
				MTL_ENABLE_DEBUG_INFO = NO;
				MTL_FAST_MATH = YES;
				SDKROOT = iphoneos;
				SWIFT_COMPILATION_MODE = wholemodule;
				SWIFT_OPTIMIZATION_LEVEL = "-O";
				VALIDATE_PRODUCT = YES;
			};
			name = Release;
		};
		80C9C83629686C8A001C4389 /* Debug */ = {
			isa = XCBuildConfiguration;
			buildSettings = {
				ASSETCATALOG_COMPILER_APPICON_NAME = AppIcon;
				ASSETCATALOG_COMPILER_GLOBAL_ACCENT_COLOR_NAME = AccentColor;
				CODE_SIGN_STYLE = Automatic;
				CURRENT_PROJECT_VERSION = 1;
				DEVELOPMENT_TEAM = 47S9Q57UGQ;
				GENERATE_INFOPLIST_FILE = YES;
				INFOPLIST_FILE = ChuckNorrisJokes/Info.plist;
				INFOPLIST_KEY_UIApplicationSupportsIndirectInputEvents = YES;
				INFOPLIST_KEY_UILaunchStoryboardName = LaunchScreen;
				INFOPLIST_KEY_UIMainStoryboardFile = Main;
				INFOPLIST_KEY_UISupportedInterfaceOrientations = UIInterfaceOrientationPortrait;
				IPHONEOS_DEPLOYMENT_TARGET = 16.0;
				LD_RUNPATH_SEARCH_PATHS = (
					"$(inherited)",
					"@executable_path/Frameworks",
				);
				MARKETING_VERSION = 1.0;
				PRODUCT_BUNDLE_IDENTIFIER = "com.slava-soft.ChuckNorrisJokes";
				PRODUCT_NAME = "$(TARGET_NAME)";
				SUPPORTED_PLATFORMS = "iphoneos iphonesimulator";
				SUPPORTS_MACCATALYST = NO;
				SUPPORTS_MAC_DESIGNED_FOR_IPHONE_IPAD = YES;
				SWIFT_EMIT_LOC_STRINGS = YES;
				SWIFT_VERSION = 5.0;
				TARGETED_DEVICE_FAMILY = 1;
			};
			name = Debug;
		};
		80C9C83729686C8A001C4389 /* Release */ = {
			isa = XCBuildConfiguration;
			buildSettings = {
				ASSETCATALOG_COMPILER_APPICON_NAME = AppIcon;
				ASSETCATALOG_COMPILER_GLOBAL_ACCENT_COLOR_NAME = AccentColor;
				CODE_SIGN_STYLE = Automatic;
				CURRENT_PROJECT_VERSION = 1;
				DEVELOPMENT_TEAM = 47S9Q57UGQ;
				GENERATE_INFOPLIST_FILE = YES;
				INFOPLIST_FILE = ChuckNorrisJokes/Info.plist;
				INFOPLIST_KEY_UIApplicationSupportsIndirectInputEvents = YES;
				INFOPLIST_KEY_UILaunchStoryboardName = LaunchScreen;
				INFOPLIST_KEY_UIMainStoryboardFile = Main;
				INFOPLIST_KEY_UISupportedInterfaceOrientations = UIInterfaceOrientationPortrait;
				IPHONEOS_DEPLOYMENT_TARGET = 16.0;
				LD_RUNPATH_SEARCH_PATHS = (
					"$(inherited)",
					"@executable_path/Frameworks",
				);
				MARKETING_VERSION = 1.0;
				PRODUCT_BUNDLE_IDENTIFIER = "com.slava-soft.ChuckNorrisJokes";
				PRODUCT_NAME = "$(TARGET_NAME)";
				SUPPORTED_PLATFORMS = "iphoneos iphonesimulator";
				SUPPORTS_MACCATALYST = NO;
				SUPPORTS_MAC_DESIGNED_FOR_IPHONE_IPAD = YES;
				SWIFT_EMIT_LOC_STRINGS = YES;
				SWIFT_VERSION = 5.0;
				TARGETED_DEVICE_FAMILY = 1;
			};
			name = Release;
		};
/* End XCBuildConfiguration section */

/* Begin XCConfigurationList section */
		80C9C81929686C89001C4389 /* Build configuration list for PBXProject "ChuckNorrisJokes" */ = {
			isa = XCConfigurationList;
			buildConfigurations = (
				80C9C83329686C8A001C4389 /* Debug */,
				80C9C83429686C8A001C4389 /* Release */,
			);
			defaultConfigurationIsVisible = 0;
			defaultConfigurationName = Release;
		};
		80C9C83529686C8A001C4389 /* Build configuration list for PBXNativeTarget "ChuckNorrisJokes" */ = {
			isa = XCConfigurationList;
			buildConfigurations = (
				80C9C83629686C8A001C4389 /* Debug */,
				80C9C83729686C8A001C4389 /* Release */,
			);
			defaultConfigurationIsVisible = 0;
			defaultConfigurationName = Release;
		};
/* End XCConfigurationList section */

/* Begin XCVersionGroup section */
		80C9C82A29686C89001C4389 /* ChuckNorrisJokes.xcdatamodeld */ = {
			isa = XCVersionGroup;
			children = (
				80C9C82B29686C89001C4389 /* ChuckNorrisJokes.xcdatamodel */,
			);
			currentVersion = 80C9C82B29686C89001C4389 /* ChuckNorrisJokes.xcdatamodel */;
			path = ChuckNorrisJokes.xcdatamodeld;
			sourceTree = "<group>";
			versionGroupType = wrapper.xcdatamodel;
		};
/* End XCVersionGroup section */
	};
	rootObject = 80C9C81629686C89001C4389 /* Project object */;
}
