// !$*UTF8*$!
{
	archiveVersion = 1;
	classes = {
	};
	objectVersion = 55;
	objects = {

/* Begin PBXBuildFile section */
		1292F4F2E84E3DA01D5E6DCF /* Pods_AudioPlayerSample.framework in Frameworks */ = {isa = PBXBuildFile; fileRef = 29588C4FF26E00F63BB7DB37 /* Pods_AudioPlayerSample.framework */; };
		807C5405293BA822003D6C2C /* AudioTrack.swift in Sources */ = {isa = PBXBuildFile; fileRef = 807C5404293BA822003D6C2C /* AudioTrack.swift */; };
		807C5407293BA96E003D6C2C /* PlaylistProviderProtocol.swift in Sources */ = {isa = PBXBuildFile; fileRef = 807C5406293BA96E003D6C2C /* PlaylistProviderProtocol.swift */; };
		807C540A293BAB1D003D6C2C /* Metallica - Master Of Puppets.mp3 in Resources */ = {isa = PBXBuildFile; fileRef = 807C5409293BAB1D003D6C2C /* Metallica - Master Of Puppets.mp3 */; };
		807C5417293BB1F7003D6C2C /* VideoPlayerController.swift in Sources */ = {isa = PBXBuildFile; fileRef = 807C5416293BB1F7003D6C2C /* VideoPlayerController.swift */; };
		807C541A293BDD76003D6C2C /* Arch Enemy - No Gods, No Masters.mp3 in Resources */ = {isa = PBXBuildFile; fileRef = 807C5419293BDD76003D6C2C /* Arch Enemy - No Gods, No Masters.mp3 */; };
		807C541C293BE4AC003D6C2C /* Deep Purple - Burn.mp3 in Resources */ = {isa = PBXBuildFile; fileRef = 807C541B293BE4AC003D6C2C /* Deep Purple - Burn.mp3 */; };
		807C541E293BE4BE003D6C2C /* Iron Maiden - The Trooper.mp3 in Resources */ = {isa = PBXBuildFile; fileRef = 807C541D293BE4BE003D6C2C /* Iron Maiden - The Trooper.mp3 */; };
		807C5420293BE52C003D6C2C /* ACDC - Back In Black.mp3 in Resources */ = {isa = PBXBuildFile; fileRef = 807C541F293BE52C003D6C2C /* ACDC - Back In Black.mp3 */; };
		80D5113D293BA40900DD968C /* AppDelegate.swift in Sources */ = {isa = PBXBuildFile; fileRef = 80D5113C293BA40900DD968C /* AppDelegate.swift */; };
		80D5113F293BA40900DD968C /* SceneDelegate.swift in Sources */ = {isa = PBXBuildFile; fileRef = 80D5113E293BA40900DD968C /* SceneDelegate.swift */; };
		80D51141293BA40900DD968C /* AudioPlayerViewController.swift in Sources */ = {isa = PBXBuildFile; fileRef = 80D51140293BA40900DD968C /* AudioPlayerViewController.swift */; };
		80D51146293BA40A00DD968C /* Assets.xcassets in Resources */ = {isa = PBXBuildFile; fileRef = 80D51145293BA40A00DD968C /* Assets.xcassets */; };
		80DD571F293C7B12005E863F /* AudioPlayerView.swift in Sources */ = {isa = PBXBuildFile; fileRef = 80DD571E293C7B12005E863F /* AudioPlayerView.swift */; };
		80DD5721293C7E92005E863F /* AudioPlayerViewModel.swift in Sources */ = {isa = PBXBuildFile; fileRef = 80DD5720293C7E92005E863F /* AudioPlayerViewModel.swift */; };
		80DD5723293C9625005E863F /* PlaybackInfo.swift in Sources */ = {isa = PBXBuildFile; fileRef = 80DD5722293C9625005E863F /* PlaybackInfo.swift */; };
/* End PBXBuildFile section */

/* Begin PBXFileReference section */
		29588C4FF26E00F63BB7DB37 /* Pods_AudioPlayerSample.framework */ = {isa = PBXFileReference; explicitFileType = wrapper.framework; includeInIndex = 0; path = Pods_AudioPlayerSample.framework; sourceTree = BUILT_PRODUCTS_DIR; };
		67DB85171B42F3AE88F1DFF2 /* Pods-AudioPlayerSample.debug.xcconfig */ = {isa = PBXFileReference; includeInIndex = 1; lastKnownFileType = text.xcconfig; name = "Pods-AudioPlayerSample.debug.xcconfig"; path = "Target Support Files/Pods-AudioPlayerSample/Pods-AudioPlayerSample.debug.xcconfig"; sourceTree = "<group>"; };
		704801CAD0B0815ED1B131C6 /* Pods-AudioPlayerSample.release.xcconfig */ = {isa = PBXFileReference; includeInIndex = 1; lastKnownFileType = text.xcconfig; name = "Pods-AudioPlayerSample.release.xcconfig"; path = "Target Support Files/Pods-AudioPlayerSample/Pods-AudioPlayerSample.release.xcconfig"; sourceTree = "<group>"; };
		807C5404293BA822003D6C2C /* AudioTrack.swift */ = {isa = PBXFileReference; lastKnownFileType = sourcecode.swift; path = AudioTrack.swift; sourceTree = "<group>"; };
		807C5406293BA96E003D6C2C /* PlaylistProviderProtocol.swift */ = {isa = PBXFileReference; lastKnownFileType = sourcecode.swift; path = PlaylistProviderProtocol.swift; sourceTree = "<group>"; };
		807C5409293BAB1D003D6C2C /* Metallica - Master Of Puppets.mp3 */ = {isa = PBXFileReference; lastKnownFileType = audio.mp3; path = "Metallica - Master Of Puppets.mp3"; sourceTree = "<group>"; };
		807C5416293BB1F7003D6C2C /* VideoPlayerController.swift */ = {isa = PBXFileReference; lastKnownFileType = sourcecode.swift; path = VideoPlayerController.swift; sourceTree = "<group>"; };
		807C5419293BDD76003D6C2C /* Arch Enemy - No Gods, No Masters.mp3 */ = {isa = PBXFileReference; lastKnownFileType = audio.mp3; path = "Arch Enemy - No Gods, No Masters.mp3"; sourceTree = "<group>"; };
		807C541B293BE4AC003D6C2C /* Deep Purple - Burn.mp3 */ = {isa = PBXFileReference; lastKnownFileType = audio.mp3; path = "Deep Purple - Burn.mp3"; sourceTree = "<group>"; };
		807C541D293BE4BE003D6C2C /* Iron Maiden - The Trooper.mp3 */ = {isa = PBXFileReference; lastKnownFileType = audio.mp3; path = "Iron Maiden - The Trooper.mp3"; sourceTree = "<group>"; };
		807C541F293BE52C003D6C2C /* ACDC - Back In Black.mp3 */ = {isa = PBXFileReference; lastKnownFileType = audio.mp3; path = "ACDC - Back In Black.mp3"; sourceTree = "<group>"; };
		80D51139293BA40900DD968C /* AudioPlayerSample.app */ = {isa = PBXFileReference; explicitFileType = wrapper.application; includeInIndex = 0; path = AudioPlayerSample.app; sourceTree = BUILT_PRODUCTS_DIR; };
		80D5113C293BA40900DD968C /* AppDelegate.swift */ = {isa = PBXFileReference; lastKnownFileType = sourcecode.swift; path = AppDelegate.swift; sourceTree = "<group>"; };
		80D5113E293BA40900DD968C /* SceneDelegate.swift */ = {isa = PBXFileReference; lastKnownFileType = sourcecode.swift; path = SceneDelegate.swift; sourceTree = "<group>"; };
		80D51140293BA40900DD968C /* AudioPlayerViewController.swift */ = {isa = PBXFileReference; lastKnownFileType = sourcecode.swift; path = AudioPlayerViewController.swift; sourceTree = "<group>"; };
		80D51145293BA40A00DD968C /* Assets.xcassets */ = {isa = PBXFileReference; lastKnownFileType = folder.assetcatalog; path = Assets.xcassets; sourceTree = "<group>"; };
		80D5114A293BA40A00DD968C /* Info.plist */ = {isa = PBXFileReference; lastKnownFileType = text.plist.xml; path = Info.plist; sourceTree = "<group>"; };
		80DD571E293C7B12005E863F /* AudioPlayerView.swift */ = {isa = PBXFileReference; lastKnownFileType = sourcecode.swift; path = AudioPlayerView.swift; sourceTree = "<group>"; };
		80DD5720293C7E92005E863F /* AudioPlayerViewModel.swift */ = {isa = PBXFileReference; lastKnownFileType = sourcecode.swift; path = AudioPlayerViewModel.swift; sourceTree = "<group>"; };
		80DD5722293C9625005E863F /* PlaybackInfo.swift */ = {isa = PBXFileReference; lastKnownFileType = sourcecode.swift; path = PlaybackInfo.swift; sourceTree = "<group>"; };
/* End PBXFileReference section */

/* Begin PBXFrameworksBuildPhase section */
		80D51136293BA40900DD968C /* Frameworks */ = {
			isa = PBXFrameworksBuildPhase;
			buildActionMask = 2147483647;
			files = (
				1292F4F2E84E3DA01D5E6DCF /* Pods_AudioPlayerSample.framework in Frameworks */,
			);
			runOnlyForDeploymentPostprocessing = 0;
		};
/* End PBXFrameworksBuildPhase section */

/* Begin PBXGroup section */
		06772A90462F0A24FD0656C0 /* Frameworks */ = {
			isa = PBXGroup;
			children = (
				29588C4FF26E00F63BB7DB37 /* Pods_AudioPlayerSample.framework */,
			);
			name = Frameworks;
			sourceTree = "<group>";
		};
		3DFAD98DDA983F8BF6B2DB23 /* Pods */ = {
			isa = PBXGroup;
			children = (
				67DB85171B42F3AE88F1DFF2 /* Pods-AudioPlayerSample.debug.xcconfig */,
				704801CAD0B0815ED1B131C6 /* Pods-AudioPlayerSample.release.xcconfig */,
			);
			path = Pods;
			sourceTree = "<group>";
		};
		807C5402293BA7AC003D6C2C /* AudioPlayerScreen */ = {
			isa = PBXGroup;
			children = (
				80D51140293BA40900DD968C /* AudioPlayerViewController.swift */,
				80DD571E293C7B12005E863F /* AudioPlayerView.swift */,
				80DD5720293C7E92005E863F /* AudioPlayerViewModel.swift */,
			);
			path = AudioPlayerScreen;
			sourceTree = "<group>";
		};
		807C5403293BA805003D6C2C /* Model */ = {
			isa = PBXGroup;
			children = (
				807C5404293BA822003D6C2C /* AudioTrack.swift */,
				807C5406293BA96E003D6C2C /* PlaylistProviderProtocol.swift */,
				80DD5722293C9625005E863F /* PlaybackInfo.swift */,
			);
			path = Model;
			sourceTree = "<group>";
		};
		807C5408293BAA65003D6C2C /* AudioTracks */ = {
			isa = PBXGroup;
			children = (
				807C541F293BE52C003D6C2C /* ACDC - Back In Black.mp3 */,
				807C541B293BE4AC003D6C2C /* Deep Purple - Burn.mp3 */,
				807C541D293BE4BE003D6C2C /* Iron Maiden - The Trooper.mp3 */,
				807C5419293BDD76003D6C2C /* Arch Enemy - No Gods, No Masters.mp3 */,
				807C5409293BAB1D003D6C2C /* Metallica - Master Of Puppets.mp3 */,
			);
			path = AudioTracks;
			sourceTree = "<group>";
		};
		807C5415293BB1B4003D6C2C /* VideoPlayerScreen */ = {
			isa = PBXGroup;
			children = (
				807C5416293BB1F7003D6C2C /* VideoPlayerController.swift */,
			);
			path = VideoPlayerScreen;
			sourceTree = "<group>";
		};
		807C5418293BB499003D6C2C /* Screens */ = {
			isa = PBXGroup;
			children = (
				807C5402293BA7AC003D6C2C /* AudioPlayerScreen */,
				807C5415293BB1B4003D6C2C /* VideoPlayerScreen */,
			);
			path = Screens;
			sourceTree = "<group>";
		};
		80D51130293BA40900DD968C = {
			isa = PBXGroup;
			children = (
				80D5113B293BA40900DD968C /* AudioPlayerSample */,
				80D5113A293BA40900DD968C /* Products */,
				3DFAD98DDA983F8BF6B2DB23 /* Pods */,
				06772A90462F0A24FD0656C0 /* Frameworks */,
			);
			sourceTree = "<group>";
		};
		80D5113A293BA40900DD968C /* Products */ = {
			isa = PBXGroup;
			children = (
				80D51139293BA40900DD968C /* AudioPlayerSample.app */,
			);
			name = Products;
			sourceTree = "<group>";
		};
		80D5113B293BA40900DD968C /* AudioPlayerSample */ = {
			isa = PBXGroup;
			children = (
				80D5113C293BA40900DD968C /* AppDelegate.swift */,
				80D51145293BA40A00DD968C /* Assets.xcassets */,
				807C5408293BAA65003D6C2C /* AudioTracks */,
				80D5114A293BA40A00DD968C /* Info.plist */,
				807C5403293BA805003D6C2C /* Model */,
				80D5113E293BA40900DD968C /* SceneDelegate.swift */,
				807C5418293BB499003D6C2C /* Screens */,
			);
			path = AudioPlayerSample;
			sourceTree = "<group>";
		};
/* End PBXGroup section */

/* Begin PBXNativeTarget section */
		80D51138293BA40900DD968C /* AudioPlayerSample */ = {
			isa = PBXNativeTarget;
			buildConfigurationList = 80D5114D293BA40A00DD968C /* Build configuration list for PBXNativeTarget "AudioPlayerSample" */;
			buildPhases = (
				94726AFF8BAB71C8A3E192DD /* [CP] Check Pods Manifest.lock */,
				80D51135293BA40900DD968C /* Sources */,
				80D51136293BA40900DD968C /* Frameworks */,
				80D51137293BA40900DD968C /* Resources */,
				428B8A2DB3628161BBBD99E9 /* [CP] Embed Pods Frameworks */,
			);
			buildRules = (
			);
			dependencies = (
			);
			name = AudioPlayerSample;
			productName = AudioPlayerSample;
			productReference = 80D51139293BA40900DD968C /* AudioPlayerSample.app */;
			productType = "com.apple.product-type.application";
		};
/* End PBXNativeTarget section */

/* Begin PBXProject section */
		80D51131293BA40900DD968C /* Project object */ = {
			isa = PBXProject;
			attributes = {
				BuildIndependentTargetsInParallel = 1;
				LastSwiftUpdateCheck = 1310;
				LastUpgradeCheck = 1310;
				TargetAttributes = {
					80D51138293BA40900DD968C = {
						CreatedOnToolsVersion = 13.1;
					};
				};
			};
			buildConfigurationList = 80D51134293BA40900DD968C /* Build configuration list for PBXProject "AudioPlayerSample" */;
			compatibilityVersion = "Xcode 13.0";
			developmentRegion = en;
			hasScannedForEncodings = 0;
			knownRegions = (
				en,
				Base,
			);
			mainGroup = 80D51130293BA40900DD968C;
			productRefGroup = 80D5113A293BA40900DD968C /* Products */;
			projectDirPath = "";
			projectRoot = "";
			targets = (
				80D51138293BA40900DD968C /* AudioPlayerSample */,
			);
		};
/* End PBXProject section */

/* Begin PBXResourcesBuildPhase section */
		80D51137293BA40900DD968C /* Resources */ = {
			isa = PBXResourcesBuildPhase;
			buildActionMask = 2147483647;
			files = (
				80D51146293BA40A00DD968C /* Assets.xcassets in Resources */,
				807C541E293BE4BE003D6C2C /* Iron Maiden - The Trooper.mp3 in Resources */,
				807C541C293BE4AC003D6C2C /* Deep Purple - Burn.mp3 in Resources */,
				807C541A293BDD76003D6C2C /* Arch Enemy - No Gods, No Masters.mp3 in Resources */,
				807C5420293BE52C003D6C2C /* ACDC - Back In Black.mp3 in Resources */,
				807C540A293BAB1D003D6C2C /* Metallica - Master Of Puppets.mp3 in Resources */,
			);
			runOnlyForDeploymentPostprocessing = 0;
		};
/* End PBXResourcesBuildPhase section */

/* Begin PBXShellScriptBuildPhase section */
		428B8A2DB3628161BBBD99E9 /* [CP] Embed Pods Frameworks */ = {
			isa = PBXShellScriptBuildPhase;
			buildActionMask = 2147483647;
			files = (
			);
			inputFileListPaths = (
				"${PODS_ROOT}/Target Support Files/Pods-AudioPlayerSample/Pods-AudioPlayerSample-frameworks-${CONFIGURATION}-input-files.xcfilelist",
			);
			name = "[CP] Embed Pods Frameworks";
			outputFileListPaths = (
				"${PODS_ROOT}/Target Support Files/Pods-AudioPlayerSample/Pods-AudioPlayerSample-frameworks-${CONFIGURATION}-output-files.xcfilelist",
			);
			runOnlyForDeploymentPostprocessing = 0;
			shellPath = /bin/sh;
			shellScript = "\"${PODS_ROOT}/Target Support Files/Pods-AudioPlayerSample/Pods-AudioPlayerSample-frameworks.sh\"\n";
			showEnvVarsInLog = 0;
		};
		94726AFF8BAB71C8A3E192DD /* [CP] Check Pods Manifest.lock */ = {
			isa = PBXShellScriptBuildPhase;
			buildActionMask = 2147483647;
			files = (
			);
			inputFileListPaths = (
			);
			inputPaths = (
				"${PODS_PODFILE_DIR_PATH}/Podfile.lock",
				"${PODS_ROOT}/Manifest.lock",
			);
			name = "[CP] Check Pods Manifest.lock";
			outputFileListPaths = (
			);
			outputPaths = (
				"$(DERIVED_FILE_DIR)/Pods-AudioPlayerSample-checkManifestLockResult.txt",
			);
			runOnlyForDeploymentPostprocessing = 0;
			shellPath = /bin/sh;
			shellScript = "diff \"${PODS_PODFILE_DIR_PATH}/Podfile.lock\" \"${PODS_ROOT}/Manifest.lock\" > /dev/null\nif [ $? != 0 ] ; then\n    # print error to STDERR\n    echo \"error: The sandbox is not in sync with the Podfile.lock. Run 'pod install' or update your CocoaPods installation.\" >&2\n    exit 1\nfi\n# This output is used by Xcode 'outputs' to avoid re-running this script phase.\necho \"SUCCESS\" > \"${SCRIPT_OUTPUT_FILE_0}\"\n";
			showEnvVarsInLog = 0;
		};
/* End PBXShellScriptBuildPhase section */

/* Begin PBXSourcesBuildPhase section */
		80D51135293BA40900DD968C /* Sources */ = {
			isa = PBXSourcesBuildPhase;
			buildActionMask = 2147483647;
			files = (
				80DD5721293C7E92005E863F /* AudioPlayerViewModel.swift in Sources */,
				80DD571F293C7B12005E863F /* AudioPlayerView.swift in Sources */,
				807C5417293BB1F7003D6C2C /* VideoPlayerController.swift in Sources */,
				80D51141293BA40900DD968C /* AudioPlayerViewController.swift in Sources */,
				80DD5723293C9625005E863F /* PlaybackInfo.swift in Sources */,
				807C5405293BA822003D6C2C /* AudioTrack.swift in Sources */,
				807C5407293BA96E003D6C2C /* PlaylistProviderProtocol.swift in Sources */,
				80D5113D293BA40900DD968C /* AppDelegate.swift in Sources */,
				80D5113F293BA40900DD968C /* SceneDelegate.swift in Sources */,
			);
			runOnlyForDeploymentPostprocessing = 0;
		};
/* End PBXSourcesBuildPhase section */

/* Begin XCBuildConfiguration section */
		80D5114B293BA40A00DD968C /* Debug */ = {
			isa = XCBuildConfiguration;
			buildSettings = {
				ALWAYS_SEARCH_USER_PATHS = NO;
				CLANG_ANALYZER_NONNULL = YES;
				CLANG_ANALYZER_NUMBER_OBJECT_CONVERSION = YES_AGGRESSIVE;
				CLANG_CXX_LANGUAGE_STANDARD = "gnu++17";
				CLANG_CXX_LIBRARY = "libc++";
				CLANG_ENABLE_MODULES = YES;
				CLANG_ENABLE_OBJC_ARC = YES;
				CLANG_ENABLE_OBJC_WEAK = YES;
				CLANG_WARN_BLOCK_CAPTURE_AUTORELEASING = YES;
				CLANG_WARN_BOOL_CONVERSION = YES;
				CLANG_WARN_COMMA = YES;
				CLANG_WARN_CONSTANT_CONVERSION = YES;
				CLANG_WARN_DEPRECATED_OBJC_IMPLEMENTATIONS = YES;
				CLANG_WARN_DIRECT_OBJC_ISA_USAGE = YES_ERROR;
				CLANG_WARN_DOCUMENTATION_COMMENTS = YES;
				CLANG_WARN_EMPTY_BODY = YES;
				CLANG_WARN_ENUM_CONVERSION = YES;
				CLANG_WARN_INFINITE_RECURSION = YES;
				CLANG_WARN_INT_CONVERSION = YES;
				CLANG_WARN_NON_LITERAL_NULL_CONVERSION = YES;
				CLANG_WARN_OBJC_IMPLICIT_RETAIN_SELF = YES;
				CLANG_WARN_OBJC_LITERAL_CONVERSION = YES;
				CLANG_WARN_OBJC_ROOT_CLASS = YES_ERROR;
				CLANG_WARN_QUOTED_INCLUDE_IN_FRAMEWORK_HEADER = YES;
				CLANG_WARN_RANGE_LOOP_ANALYSIS = YES;
				CLANG_WARN_STRICT_PROTOTYPES = YES;
				CLANG_WARN_SUSPICIOUS_MOVE = YES;
				CLANG_WARN_UNGUARDED_AVAILABILITY = YES_AGGRESSIVE;
				CLANG_WARN_UNREACHABLE_CODE = YES;
				CLANG_WARN__DUPLICATE_METHOD_MATCH = YES;
				COPY_PHASE_STRIP = NO;
				DEBUG_INFORMATION_FORMAT = dwarf;
				ENABLE_STRICT_OBJC_MSGSEND = YES;
				ENABLE_TESTABILITY = YES;
				GCC_C_LANGUAGE_STANDARD = gnu11;
				GCC_DYNAMIC_NO_PIC = NO;
				GCC_NO_COMMON_BLOCKS = YES;
				GCC_OPTIMIZATION_LEVEL = 0;
				GCC_PREPROCESSOR_DEFINITIONS = (
					"DEBUG=1",
					"$(inherited)",
				);
				GCC_WARN_64_TO_32_BIT_CONVERSION = YES;
				GCC_WARN_ABOUT_RETURN_TYPE = YES_ERROR;
				GCC_WARN_UNDECLARED_SELECTOR = YES;
				GCC_WARN_UNINITIALIZED_AUTOS = YES_AGGRESSIVE;
				GCC_WARN_UNUSED_FUNCTION = YES;
				GCC_WARN_UNUSED_VARIABLE = YES;
				IPHONEOS_DEPLOYMENT_TARGET = 15.0;
				MTL_ENABLE_DEBUG_INFO = INCLUDE_SOURCE;
				MTL_FAST_MATH = YES;
				ONLY_ACTIVE_ARCH = YES;
				SDKROOT = iphoneos;
				SWIFT_ACTIVE_COMPILATION_CONDITIONS = DEBUG;
				SWIFT_OPTIMIZATION_LEVEL = "-Onone";
			};
			name = Debug;
		};
		80D5114C293BA40A00DD968C /* Release */ = {
			isa = XCBuildConfiguration;
			buildSettings = {
				ALWAYS_SEARCH_USER_PATHS = NO;
				CLANG_ANALYZER_NONNULL = YES;
				CLANG_ANALYZER_NUMBER_OBJECT_CONVERSION = YES_AGGRESSIVE;
				CLANG_CXX_LANGUAGE_STANDARD = "gnu++17";
				CLANG_CXX_LIBRARY = "libc++";
				CLANG_ENABLE_MODULES = YES;
				CLANG_ENABLE_OBJC_ARC = YES;
				CLANG_ENABLE_OBJC_WEAK = YES;
				CLANG_WARN_BLOCK_CAPTURE_AUTORELEASING = YES;
				CLANG_WARN_BOOL_CONVERSION = YES;
				CLANG_WARN_COMMA = YES;
				CLANG_WARN_CONSTANT_CONVERSION = YES;
				CLANG_WARN_DEPRECATED_OBJC_IMPLEMENTATIONS = YES;
				CLANG_WARN_DIRECT_OBJC_ISA_USAGE = YES_ERROR;
				CLANG_WARN_DOCUMENTATION_COMMENTS = YES;
				CLANG_WARN_EMPTY_BODY = YES;
				CLANG_WARN_ENUM_CONVERSION = YES;
				CLANG_WARN_INFINITE_RECURSION = YES;
				CLANG_WARN_INT_CONVERSION = YES;
				CLANG_WARN_NON_LITERAL_NULL_CONVERSION = YES;
				CLANG_WARN_OBJC_IMPLICIT_RETAIN_SELF = YES;
				CLANG_WARN_OBJC_LITERAL_CONVERSION = YES;
				CLANG_WARN_OBJC_ROOT_CLASS = YES_ERROR;
				CLANG_WARN_QUOTED_INCLUDE_IN_FRAMEWORK_HEADER = YES;
				CLANG_WARN_RANGE_LOOP_ANALYSIS = YES;
				CLANG_WARN_STRICT_PROTOTYPES = YES;
				CLANG_WARN_SUSPICIOUS_MOVE = YES;
				CLANG_WARN_UNGUARDED_AVAILABILITY = YES_AGGRESSIVE;
				CLANG_WARN_UNREACHABLE_CODE = YES;
				CLANG_WARN__DUPLICATE_METHOD_MATCH = YES;
				COPY_PHASE_STRIP = NO;
				DEBUG_INFORMATION_FORMAT = "dwarf-with-dsym";
				ENABLE_NS_ASSERTIONS = NO;
				ENABLE_STRICT_OBJC_MSGSEND = YES;
				GCC_C_LANGUAGE_STANDARD = gnu11;
				GCC_NO_COMMON_BLOCKS = YES;
				GCC_WARN_64_TO_32_BIT_CONVERSION = YES;
				GCC_WARN_ABOUT_RETURN_TYPE = YES_ERROR;
				GCC_WARN_UNDECLARED_SELECTOR = YES;
				GCC_WARN_UNINITIALIZED_AUTOS = YES_AGGRESSIVE;
				GCC_WARN_UNUSED_FUNCTION = YES;
				GCC_WARN_UNUSED_VARIABLE = YES;
				IPHONEOS_DEPLOYMENT_TARGET = 15.0;
				MTL_ENABLE_DEBUG_INFO = NO;
				MTL_FAST_MATH = YES;
				SDKROOT = iphoneos;
				SWIFT_COMPILATION_MODE = wholemodule;
				SWIFT_OPTIMIZATION_LEVEL = "-O";
				VALIDATE_PRODUCT = YES;
			};
			name = Release;
		};
		80D5114E293BA40A00DD968C /* Debug */ = {
			isa = XCBuildConfiguration;
			baseConfigurationReference = 67DB85171B42F3AE88F1DFF2 /* Pods-AudioPlayerSample.debug.xcconfig */;
			buildSettings = {
				ASSETCATALOG_COMPILER_APPICON_NAME = AppIcon;
				ASSETCATALOG_COMPILER_GLOBAL_ACCENT_COLOR_NAME = AccentColor;
				CODE_SIGN_STYLE = Automatic;
				CURRENT_PROJECT_VERSION = 1;
				GENERATE_INFOPLIST_FILE = YES;
				INFOPLIST_FILE = AudioPlayerSample/Info.plist;
				INFOPLIST_KEY_UIApplicationSupportsIndirectInputEvents = YES;
				INFOPLIST_KEY_UILaunchStoryboardName = LaunchScreen;
				INFOPLIST_KEY_UISupportedInterfaceOrientations_iPad = "UIInterfaceOrientationPortrait UIInterfaceOrientationPortraitUpsideDown UIInterfaceOrientationLandscapeLeft UIInterfaceOrientationLandscapeRight";
				INFOPLIST_KEY_UISupportedInterfaceOrientations_iPhone = "UIInterfaceOrientationPortrait UIInterfaceOrientationLandscapeLeft UIInterfaceOrientationLandscapeRight";
				IPHONEOS_DEPLOYMENT_TARGET = 16.0;
				LD_RUNPATH_SEARCH_PATHS = (
					"$(inherited)",
					"@executable_path/Frameworks",
				);
				MARKETING_VERSION = 1.0;
				PRODUCT_BUNDLE_IDENTIFIER = "com.slava-soft.AudioPlayerSample";
				PRODUCT_NAME = "$(TARGET_NAME)";
				SWIFT_EMIT_LOC_STRINGS = YES;
				SWIFT_VERSION = 5.0;
				TARGETED_DEVICE_FAMILY = "1,2";
			};
			name = Debug;
		};
		80D5114F293BA40A00DD968C /* Release */ = {
			isa = XCBuildConfiguration;
			baseConfigurationReference = 704801CAD0B0815ED1B131C6 /* Pods-AudioPlayerSample.release.xcconfig */;
			buildSettings = {
				ASSETCATALOG_COMPILER_APPICON_NAME = AppIcon;
				ASSETCATALOG_COMPILER_GLOBAL_ACCENT_COLOR_NAME = AccentColor;
				CODE_SIGN_STYLE = Automatic;
				CURRENT_PROJECT_VERSION = 1;
				GENERATE_INFOPLIST_FILE = YES;
				INFOPLIST_FILE = AudioPlayerSample/Info.plist;
				INFOPLIST_KEY_UIApplicationSupportsIndirectInputEvents = YES;
				INFOPLIST_KEY_UILaunchStoryboardName = LaunchScreen;
				INFOPLIST_KEY_UISupportedInterfaceOrientations_iPad = "UIInterfaceOrientationPortrait UIInterfaceOrientationPortraitUpsideDown UIInterfaceOrientationLandscapeLeft UIInterfaceOrientationLandscapeRight";
				INFOPLIST_KEY_UISupportedInterfaceOrientations_iPhone = "UIInterfaceOrientationPortrait UIInterfaceOrientationLandscapeLeft UIInterfaceOrientationLandscapeRight";
				IPHONEOS_DEPLOYMENT_TARGET = 16.0;
				LD_RUNPATH_SEARCH_PATHS = (
					"$(inherited)",
					"@executable_path/Frameworks",
				);
				MARKETING_VERSION = 1.0;
				PRODUCT_BUNDLE_IDENTIFIER = "com.slava-soft.AudioPlayerSample";
				PRODUCT_NAME = "$(TARGET_NAME)";
				SWIFT_EMIT_LOC_STRINGS = YES;
				SWIFT_VERSION = 5.0;
				TARGETED_DEVICE_FAMILY = "1,2";
			};
			name = Release;
		};
/* End XCBuildConfiguration section */

/* Begin XCConfigurationList section */
		80D51134293BA40900DD968C /* Build configuration list for PBXProject "AudioPlayerSample" */ = {
			isa = XCConfigurationList;
			buildConfigurations = (
				80D5114B293BA40A00DD968C /* Debug */,
				80D5114C293BA40A00DD968C /* Release */,
			);
			defaultConfigurationIsVisible = 0;
			defaultConfigurationName = Release;
		};
		80D5114D293BA40A00DD968C /* Build configuration list for PBXNativeTarget "AudioPlayerSample" */ = {
			isa = XCConfigurationList;
			buildConfigurations = (
				80D5114E293BA40A00DD968C /* Debug */,
				80D5114F293BA40A00DD968C /* Release */,
			);
			defaultConfigurationIsVisible = 0;
			defaultConfigurationName = Release;
		};
/* End XCConfigurationList section */
	};
	rootObject = 80D51131293BA40900DD968C /* Project object */;
}
